// !$*UTF8*$!
{
	archiveVersion = 1;
	classes = {
	};
	objectVersion = 56;
	objects = {

/* Begin PBXBuildFile section */
		4B443D8A2A0A75C5005F4ECA /* CatFunApp.swift in Sources */ = {isa = PBXBuildFile; fileRef = 4B443D892A0A75C5005F4ECA /* CatFunApp.swift */; };
		4B443D8C2A0A75C5005F4ECA /* ContentView.swift in Sources */ = {isa = PBXBuildFile; fileRef = 4B443D8B2A0A75C5005F4ECA /* ContentView.swift */; };
		4B443D8E2A0A75C6005F4ECA /* Assets.xcassets in Resources */ = {isa = PBXBuildFile; fileRef = 4B443D8D2A0A75C6005F4ECA /* Assets.xcassets */; };
		4B443D912A0A75C6005F4ECA /* Preview Assets.xcassets in Resources */ = {isa = PBXBuildFile; fileRef = 4B443D902A0A75C6005F4ECA /* Preview Assets.xcassets */; };
		4B443D9B2A0A75C6005F4ECA /* CatFunTests.swift in Sources */ = {isa = PBXBuildFile; fileRef = 4B443D9A2A0A75C6005F4ECA /* CatFunTests.swift */; };
		4B443DA52A0A75C6005F4ECA /* CatFunUITests.swift in Sources */ = {isa = PBXBuildFile; fileRef = 4B443DA42A0A75C6005F4ECA /* CatFunUITests.swift */; };
		4B443DA72A0A75C6005F4ECA /* CatFunUITestsLaunchTests.swift in Sources */ = {isa = PBXBuildFile; fileRef = 4B443DA62A0A75C6005F4ECA /* CatFunUITestsLaunchTests.swift */; };
/* End PBXBuildFile section */

/* Begin PBXContainerItemProxy section */
		4B443D972A0A75C6005F4ECA /* PBXContainerItemProxy */ = {
			isa = PBXContainerItemProxy;
			containerPortal = 4B443D7E2A0A75C5005F4ECA /* Project object */;
			proxyType = 1;
			remoteGlobalIDString = 4B443D852A0A75C5005F4ECA;
			remoteInfo = CatFun;
		};
		4B443DA12A0A75C6005F4ECA /* PBXContainerItemProxy */ = {
			isa = PBXContainerItemProxy;
			containerPortal = 4B443D7E2A0A75C5005F4ECA /* Project object */;
			proxyType = 1;
			remoteGlobalIDString = 4B443D852A0A75C5005F4ECA;
			remoteInfo = CatFun;
		};
/* End PBXContainerItemProxy section */

/* Begin PBXFileReference section */
		4B443D862A0A75C5005F4ECA /* CatFun.app */ = {isa = PBXFileReference; explicitFileType = wrapper.application; includeInIndex = 0; path = CatFun.app; sourceTree = BUILT_PRODUCTS_DIR; };
		4B443D892A0A75C5005F4ECA /* CatFunApp.swift */ = {isa = PBXFileReference; lastKnownFileType = sourcecode.swift; path = CatFunApp.swift; sourceTree = "<group>"; };
		4B443D8B2A0A75C5005F4ECA /* ContentView.swift */ = {isa = PBXFileReference; lastKnownFileType = sourcecode.swift; path = ContentView.swift; sourceTree = "<group>"; };
		4B443D8D2A0A75C6005F4ECA /* Assets.xcassets */ = {isa = PBXFileReference; lastKnownFileType = folder.assetcatalog; path = Assets.xcassets; sourceTree = "<group>"; };
		4B443D902A0A75C6005F4ECA /* Preview Assets.xcassets */ = {isa = PBXFileReference; lastKnownFileType = folder.assetcatalog; path = "Preview Assets.xcassets"; sourceTree = "<group>"; };
		4B443D962A0A75C6005F4ECA /* CatFunTests.xctest */ = {isa = PBXFileReference; explicitFileType = wrapper.cfbundle; includeInIndex = 0; path = CatFunTests.xctest; sourceTree = BUILT_PRODUCTS_DIR; };
		4B443D9A2A0A75C6005F4ECA /* CatFunTests.swift */ = {isa = PBXFileReference; lastKnownFileType = sourcecode.swift; path = CatFunTests.swift; sourceTree = "<group>"; };
		4B443DA02A0A75C6005F4ECA /* CatFunUITests.xctest */ = {isa = PBXFileReference; explicitFileType = wrapper.cfbundle; includeInIndex = 0; path = CatFunUITests.xctest; sourceTree = BUILT_PRODUCTS_DIR; };
		4B443DA42A0A75C6005F4ECA /* CatFunUITests.swift */ = {isa = PBXFileReference; lastKnownFileType = sourcecode.swift; path = CatFunUITests.swift; sourceTree = "<group>"; };
		4B443DA62A0A75C6005F4ECA /* CatFunUITestsLaunchTests.swift */ = {isa = PBXFileReference; lastKnownFileType = sourcecode.swift; path = CatFunUITestsLaunchTests.swift; sourceTree = "<group>"; };
/* End PBXFileReference section */

/* Begin PBXFrameworksBuildPhase section */
		4B443D832A0A75C5005F4ECA /* Frameworks */ = {
			isa = PBXFrameworksBuildPhase;
			buildActionMask = 2147483647;
			files = (
			);
			runOnlyForDeploymentPostprocessing = 0;
		};
		4B443D932A0A75C6005F4ECA /* Frameworks */ = {
			isa = PBXFrameworksBuildPhase;
			buildActionMask = 2147483647;
			files = (
			);
			runOnlyForDeploymentPostprocessing = 0;
		};
		4B443D9D2A0A75C6005F4ECA /* Frameworks */ = {
			isa = PBXFrameworksBuildPhase;
			buildActionMask = 2147483647;
			files = (
			);
			runOnlyForDeploymentPostprocessing = 0;
		};
/* End PBXFrameworksBuildPhase section */

/* Begin PBXGroup section */
		4B443D7D2A0A75C5005F4ECA = {
			isa = PBXGroup;
			children = (
				4B443D882A0A75C5005F4ECA /* CatFun */,
				4B443D992A0A75C6005F4ECA /* CatFunTests */,
				4B443DA32A0A75C6005F4ECA /* CatFunUITests */,
				4B443D872A0A75C5005F4ECA /* Products */,
			);
			sourceTree = "<group>";
		};
		4B443D872A0A75C5005F4ECA /* Products */ = {
			isa = PBXGroup;
			children = (
				4B443D862A0A75C5005F4ECA /* CatFun.app */,
				4B443D962A0A75C6005F4ECA /* CatFunTests.xctest */,
				4B443DA02A0A75C6005F4ECA /* CatFunUITests.xctest */,
			);
			name = Products;
			sourceTree = "<group>";
		};
		4B443D882A0A75C5005F4ECA /* CatFun */ = {
			isa = PBXGroup;
			children = (
				4B443D892A0A75C5005F4ECA /* CatFunApp.swift */,
				4B443D8B2A0A75C5005F4ECA /* ContentView.swift */,
				4B443D8D2A0A75C6005F4ECA /* Assets.xcassets */,
				4B443D8F2A0A75C6005F4ECA /* Preview Content */,
			);
			path = CatFun;
			sourceTree = "<group>";
		};
		4B443D8F2A0A75C6005F4ECA /* Preview Content */ = {
			isa = PBXGroup;
			children = (
				4B443D902A0A75C6005F4ECA /* Preview Assets.xcassets */,
			);
			path = "Preview Content";
			sourceTree = "<group>";
		};
		4B443D992A0A75C6005F4ECA /* CatFunTests */ = {
			isa = PBXGroup;
			children = (
				4B443D9A2A0A75C6005F4ECA /* CatFunTests.swift */,
			);
			path = CatFunTests;
			sourceTree = "<group>";
		};
		4B443DA32A0A75C6005F4ECA /* CatFunUITests */ = {
			isa = PBXGroup;
			children = (
				4B443DA42A0A75C6005F4ECA /* CatFunUITests.swift */,
				4B443DA62A0A75C6005F4ECA /* CatFunUITestsLaunchTests.swift */,
			);
			path = CatFunUITests;
			sourceTree = "<group>";
		};
/* End PBXGroup section */

/* Begin PBXNativeTarget section */
		4B443D852A0A75C5005F4ECA /* CatFun */ = {
			isa = PBXNativeTarget;
			buildConfigurationList = 4B443DAA2A0A75C6005F4ECA /* Build configuration list for PBXNativeTarget "CatFun" */;
			buildPhases = (
				4B443D822A0A75C5005F4ECA /* Sources */,
				4B443D832A0A75C5005F4ECA /* Frameworks */,
				4B443D842A0A75C5005F4ECA /* Resources */,
			);
			buildRules = (
			);
			dependencies = (
			);
			name = CatFun;
			productName = CatFun;
			productReference = 4B443D862A0A75C5005F4ECA /* CatFun.app */;
			productType = "com.apple.product-type.application";
		};
		4B443D952A0A75C6005F4ECA /* CatFunTests */ = {
			isa = PBXNativeTarget;
			buildConfigurationList = 4B443DAD2A0A75C6005F4ECA /* Build configuration list for PBXNativeTarget "CatFunTests" */;
			buildPhases = (
				4B443D922A0A75C6005F4ECA /* Sources */,
				4B443D932A0A75C6005F4ECA /* Frameworks */,
				4B443D942A0A75C6005F4ECA /* Resources */,
			);
			buildRules = (
			);
			dependencies = (
				4B443D982A0A75C6005F4ECA /* PBXTargetDependency */,
			);
			name = CatFunTests;
			productName = CatFunTests;
			productReference = 4B443D962A0A75C6005F4ECA /* CatFunTests.xctest */;
			productType = "com.apple.product-type.bundle.unit-test";
		};
		4B443D9F2A0A75C6005F4ECA /* CatFunUITests */ = {
			isa = PBXNativeTarget;
			buildConfigurationList = 4B443DB02A0A75C6005F4ECA /* Build configuration list for PBXNativeTarget "CatFunUITests" */;
			buildPhases = (
				4B443D9C2A0A75C6005F4ECA /* Sources */,
				4B443D9D2A0A75C6005F4ECA /* Frameworks */,
				4B443D9E2A0A75C6005F4ECA /* Resources */,
			);
			buildRules = (
			);
			dependencies = (
				4B443DA22A0A75C6005F4ECA /* PBXTargetDependency */,
			);
			name = CatFunUITests;
			productName = CatFunUITests;
			productReference = 4B443DA02A0A75C6005F4ECA /* CatFunUITests.xctest */;
			productType = "com.apple.product-type.bundle.ui-testing";
		};
/* End PBXNativeTarget section */

/* Begin PBXProject section */
		4B443D7E2A0A75C5005F4ECA /* Project object */ = {
			isa = PBXProject;
			attributes = {
				BuildIndependentTargetsInParallel = 1;
				LastSwiftUpdateCheck = 1420;
				LastUpgradeCheck = 1420;
				TargetAttributes = {
					4B443D852A0A75C5005F4ECA = {
						CreatedOnToolsVersion = 14.2;
					};
					4B443D952A0A75C6005F4ECA = {
						CreatedOnToolsVersion = 14.2;
						TestTargetID = 4B443D852A0A75C5005F4ECA;
					};
					4B443D9F2A0A75C6005F4ECA = {
						CreatedOnToolsVersion = 14.2;
						TestTargetID = 4B443D852A0A75C5005F4ECA;
					};
				};
			};
			buildConfigurationList = 4B443D812A0A75C5005F4ECA /* Build configuration list for PBXProject "CatFun" */;
			compatibilityVersion = "Xcode 14.0";
			developmentRegion = en;
			hasScannedForEncodings = 0;
			knownRegions = (
				en,
				Base,
			);
			mainGroup = 4B443D7D2A0A75C5005F4ECA;
			productRefGroup = 4B443D872A0A75C5005F4ECA /* Products */;
			projectDirPath = "";
			projectRoot = "";
			targets = (
				4B443D852A0A75C5005F4ECA /* CatFun */,
				4B443D952A0A75C6005F4ECA /* CatFunTests */,
				4B443D9F2A0A75C6005F4ECA /* CatFunUITests */,
			);
		};
/* End PBXProject section */

/* Begin PBXResourcesBuildPhase section */
		4B443D842A0A75C5005F4ECA /* Resources */ = {
			isa = PBXResourcesBuildPhase;
			buildActionMask = 2147483647;
			files = (
				4B443D912A0A75C6005F4ECA /* Preview Assets.xcassets in Resources */,
				4B443D8E2A0A75C6005F4ECA /* Assets.xcassets in Resources */,
			);
			runOnlyForDeploymentPostprocessing = 0;
		};
		4B443D942A0A75C6005F4ECA /* Resources */ = {
			isa = PBXResourcesBuildPhase;
			buildActionMask = 2147483647;
			files = (
			);
			runOnlyForDeploymentPostprocessing = 0;
		};
		4B443D9E2A0A75C6005F4ECA /* Resources */ = {
			isa = PBXResourcesBuildPhase;
			buildActionMask = 2147483647;
			files = (
			);
			runOnlyForDeploymentPostprocessing = 0;
		};
/* End PBXResourcesBuildPhase section */

/* Begin PBXSourcesBuildPhase section */
		4B443D822A0A75C5005F4ECA /* Sources */ = {
			isa = PBXSourcesBuildPhase;
			buildActionMask = 2147483647;
			files = (
				4B443D8C2A0A75C5005F4ECA /* ContentView.swift in Sources */,
				4B443D8A2A0A75C5005F4ECA /* CatFunApp.swift in Sources */,
			);
			runOnlyForDeploymentPostprocessing = 0;
		};
		4B443D922A0A75C6005F4ECA /* Sources */ = {
			isa = PBXSourcesBuildPhase;
			buildActionMask = 2147483647;
			files = (
				4B443D9B2A0A75C6005F4ECA /* CatFunTests.swift in Sources */,
			);
			runOnlyForDeploymentPostprocessing = 0;
		};
		4B443D9C2A0A75C6005F4ECA /* Sources */ = {
			isa = PBXSourcesBuildPhase;
			buildActionMask = 2147483647;
			files = (
				4B443DA52A0A75C6005F4ECA /* CatFunUITests.swift in Sources */,
				4B443DA72A0A75C6005F4ECA /* CatFunUITestsLaunchTests.swift in Sources */,
			);
			runOnlyForDeploymentPostprocessing = 0;
		};
/* End PBXSourcesBuildPhase section */

/* Begin PBXTargetDependency section */
		4B443D982A0A75C6005F4ECA /* PBXTargetDependency */ = {
			isa = PBXTargetDependency;
			target = 4B443D852A0A75C5005F4ECA /* CatFun */;
			targetProxy = 4B443D972A0A75C6005F4ECA /* PBXContainerItemProxy */;
		};
		4B443DA22A0A75C6005F4ECA /* PBXTargetDependency */ = {
			isa = PBXTargetDependency;
			target = 4B443D852A0A75C5005F4ECA /* CatFun */;
			targetProxy = 4B443DA12A0A75C6005F4ECA /* PBXContainerItemProxy */;
		};
/* End PBXTargetDependency section */

/* Begin XCBuildConfiguration section */
		4B443DA82A0A75C6005F4ECA /* Debug */ = {
			isa = XCBuildConfiguration;
			buildSettings = {
				ALWAYS_SEARCH_USER_PATHS = NO;
				CLANG_ANALYZER_NONNULL = YES;
				CLANG_ANALYZER_NUMBER_OBJECT_CONVERSION = YES_AGGRESSIVE;
				CLANG_CXX_LANGUAGE_STANDARD = "gnu++20";
				CLANG_ENABLE_MODULES = YES;
				CLANG_ENABLE_OBJC_ARC = YES;
				CLANG_ENABLE_OBJC_WEAK = YES;
				CLANG_WARN_BLOCK_CAPTURE_AUTORELEASING = YES;
				CLANG_WARN_BOOL_CONVERSION = YES;
				CLANG_WARN_COMMA = YES;
				CLANG_WARN_CONSTANT_CONVERSION = YES;
				CLANG_WARN_DEPRECATED_OBJC_IMPLEMENTATIONS = YES;
				CLANG_WARN_DIRECT_OBJC_ISA_USAGE = YES_ERROR;
				CLANG_WARN_DOCUMENTATION_COMMENTS = YES;
				CLANG_WARN_EMPTY_BODY = YES;
				CLANG_WARN_ENUM_CONVERSION = YES;
				CLANG_WARN_INFINITE_RECURSION = YES;
				CLANG_WARN_INT_CONVERSION = YES;
				CLANG_WARN_NON_LITERAL_NULL_CONVERSION = YES;
				CLANG_WARN_OBJC_IMPLICIT_RETAIN_SELF = YES;
				CLANG_WARN_OBJC_LITERAL_CONVERSION = YES;
				CLANG_WARN_OBJC_ROOT_CLASS = YES_ERROR;
				CLANG_WARN_QUOTED_INCLUDE_IN_FRAMEWORK_HEADER = YES;
				CLANG_WARN_RANGE_LOOP_ANALYSIS = YES;
				CLANG_WARN_STRICT_PROTOTYPES = YES;
				CLANG_WARN_SUSPICIOUS_MOVE = YES;
				CLANG_WARN_UNGUARDED_AVAILABILITY = YES_AGGRESSIVE;
				CLANG_WARN_UNREACHABLE_CODE = YES;
				CLANG_WARN__DUPLICATE_METHOD_MATCH = YES;
				COPY_PHASE_STRIP = NO;
				DEBUG_INFORMATION_FORMAT = dwarf;
				ENABLE_STRICT_OBJC_MSGSEND = YES;
				ENABLE_TESTABILITY = YES;
				GCC_C_LANGUAGE_STANDARD = gnu11;
				GCC_DYNAMIC_NO_PIC = NO;
				GCC_NO_COMMON_BLOCKS = YES;
				GCC_OPTIMIZATION_LEVEL = 0;
				GCC_PREPROCESSOR_DEFINITIONS = (
					"DEBUG=1",
					"$(inherited)",
				);
				GCC_WARN_64_TO_32_BIT_CONVERSION = YES;
				GCC_WARN_ABOUT_RETURN_TYPE = YES_ERROR;
				GCC_WARN_UNDECLARED_SELECTOR = YES;
				GCC_WARN_UNINITIALIZED_AUTOS = YES_AGGRESSIVE;
				GCC_WARN_UNUSED_FUNCTION = YES;
				GCC_WARN_UNUSED_VARIABLE = YES;
				IPHONEOS_DEPLOYMENT_TARGET = 16.2;
				MTL_ENABLE_DEBUG_INFO = INCLUDE_SOURCE;
				MTL_FAST_MATH = YES;
				ONLY_ACTIVE_ARCH = YES;
				SDKROOT = iphoneos;
				SWIFT_ACTIVE_COMPILATION_CONDITIONS = DEBUG;
				SWIFT_OPTIMIZATION_LEVEL = "-Onone";
			};
			name = Debug;
		};
		4B443DA92A0A75C6005F4ECA /* Release */ = {
			isa = XCBuildConfiguration;
			buildSettings = {
				ALWAYS_SEARCH_USER_PATHS = NO;
				CLANG_ANALYZER_NONNULL = YES;
				CLANG_ANALYZER_NUMBER_OBJECT_CONVERSION = YES_AGGRESSIVE;
				CLANG_CXX_LANGUAGE_STANDARD = "gnu++20";
				CLANG_ENABLE_MODULES = YES;
				CLANG_ENABLE_OBJC_ARC = YES;
				CLANG_ENABLE_OBJC_WEAK = YES;
				CLANG_WARN_BLOCK_CAPTURE_AUTORELEASING = YES;
				CLANG_WARN_BOOL_CONVERSION = YES;
				CLANG_WARN_COMMA = YES;
				CLANG_WARN_CONSTANT_CONVERSION = YES;
				CLANG_WARN_DEPRECATED_OBJC_IMPLEMENTATIONS = YES;
				CLANG_WARN_DIRECT_OBJC_ISA_USAGE = YES_ERROR;
				CLANG_WARN_DOCUMENTATION_COMMENTS = YES;
				CLANG_WARN_EMPTY_BODY = YES;
				CLANG_WARN_ENUM_CONVERSION = YES;
				CLANG_WARN_INFINITE_RECURSION = YES;
				CLANG_WARN_INT_CONVERSION = YES;
				CLANG_WARN_NON_LITERAL_NULL_CONVERSION = YES;
				CLANG_WARN_OBJC_IMPLICIT_RETAIN_SELF = YES;
				CLANG_WARN_OBJC_LITERAL_CONVERSION = YES;
				CLANG_WARN_OBJC_ROOT_CLASS = YES_ERROR;
				CLANG_WARN_QUOTED_INCLUDE_IN_FRAMEWORK_HEADER = YES;
				CLANG_WARN_RANGE_LOOP_ANALYSIS = YES;
				CLANG_WARN_STRICT_PROTOTYPES = YES;
				CLANG_WARN_SUSPICIOUS_MOVE = YES;
				CLANG_WARN_UNGUARDED_AVAILABILITY = YES_AGGRESSIVE;
				CLANG_WARN_UNREACHABLE_CODE = YES;
				CLANG_WARN__DUPLICATE_METHOD_MATCH = YES;
				COPY_PHASE_STRIP = NO;
				DEBUG_INFORMATION_FORMAT = "dwarf-with-dsym";
				ENABLE_NS_ASSERTIONS = NO;
				ENABLE_STRICT_OBJC_MSGSEND = YES;
				GCC_C_LANGUAGE_STANDARD = gnu11;
				GCC_NO_COMMON_BLOCKS = YES;
				GCC_WARN_64_TO_32_BIT_CONVERSION = YES;
				GCC_WARN_ABOUT_RETURN_TYPE = YES_ERROR;
				GCC_WARN_UNDECLARED_SELECTOR = YES;
				GCC_WARN_UNINITIALIZED_AUTOS = YES_AGGRESSIVE;
				GCC_WARN_UNUSED_FUNCTION = YES;
				GCC_WARN_UNUSED_VARIABLE = YES;
				IPHONEOS_DEPLOYMENT_TARGET = 16.2;
				MTL_ENABLE_DEBUG_INFO = NO;
				MTL_FAST_MATH = YES;
				SDKROOT = iphoneos;
				SWIFT_COMPILATION_MODE = wholemodule;
				SWIFT_OPTIMIZATION_LEVEL = "-O";
				VALIDATE_PRODUCT = YES;
			};
			name = Release;
		};
		4B443DAB2A0A75C6005F4ECA /* Debug */ = {
			isa = XCBuildConfiguration;
			buildSettings = {
				ASSETCATALOG_COMPILER_APPICON_NAME = AppIcon;
				ASSETCATALOG_COMPILER_GLOBAL_ACCENT_COLOR_NAME = AccentColor;
				CODE_SIGN_STYLE = Automatic;
				CURRENT_PROJECT_VERSION = 1;
				DEVELOPMENT_ASSET_PATHS = "\"CatFun/Preview Content\"";
				DEVELOPMENT_TEAM = 826U5T47TW;
				ENABLE_PREVIEWS = YES;
				GENERATE_INFOPLIST_FILE = YES;
				INFOPLIST_KEY_UIApplicationSceneManifest_Generation = YES;
				INFOPLIST_KEY_UIApplicationSupportsIndirectInputEvents = YES;
				INFOPLIST_KEY_UILaunchScreen_Generation = YES;
				INFOPLIST_KEY_UISupportedInterfaceOrientations_iPad = "UIInterfaceOrientationPortrait UIInterfaceOrientationPortraitUpsideDown UIInterfaceOrientationLandscapeLeft UIInterfaceOrientationLandscapeRight";
				INFOPLIST_KEY_UISupportedInterfaceOrientations_iPhone = "UIInterfaceOrientationPortrait UIInterfaceOrientationLandscapeLeft UIInterfaceOrientationLandscapeRight";
				LD_RUNPATH_SEARCH_PATHS = (
					"$(inherited)",
					"@executable_path/Frameworks",
				);
				MARKETING_VERSION = 1.0;
				PRODUCT_BUNDLE_IDENTIFIER = br.com.stephanegirao.CatFun;
				PRODUCT_NAME = "$(TARGET_NAME)";
				SWIFT_EMIT_LOC_STRINGS = YES;
				SWIFT_VERSION = 5.0;
				TARGETED_DEVICE_FAMILY = "1,2";
			};
			name = Debug;
		};
		4B443DAC2A0A75C6005F4ECA /* Release */ = {
			isa = XCBuildConfiguration;
			buildSettings = {
				ASSETCATALOG_COMPILER_APPICON_NAME = AppIcon;
				ASSETCATALOG_COMPILER_GLOBAL_ACCENT_COLOR_NAME = AccentColor;
				CODE_SIGN_STYLE = Automatic;
				CURRENT_PROJECT_VERSION = 1;
				DEVELOPMENT_ASSET_PATHS = "\"CatFun/Preview Content\"";
				DEVELOPMENT_TEAM = 826U5T47TW;
				ENABLE_PREVIEWS = YES;
				GENERATE_INFOPLIST_FILE = YES;
				INFOPLIST_KEY_UIApplicationSceneManifest_Generation = YES;
				INFOPLIST_KEY_UIApplicationSupportsIndirectInputEvents = YES;
				INFOPLIST_KEY_UILaunchScreen_Generation = YES;
				INFOPLIST_KEY_UISupportedInterfaceOrientations_iPad = "UIInterfaceOrientationPortrait UIInterfaceOrientationPortraitUpsideDown UIInterfaceOrientationLandscapeLeft UIInterfaceOrientationLandscapeRight";
				INFOPLIST_KEY_UISupportedInterfaceOrientations_iPhone = "UIInterfaceOrientationPortrait UIInterfaceOrientationLandscapeLeft UIInterfaceOrientationLandscapeRight";
				LD_RUNPATH_SEARCH_PATHS = (
					"$(inherited)",
					"@executable_path/Frameworks",
				);
				MARKETING_VERSION = 1.0;
				PRODUCT_BUNDLE_IDENTIFIER = br.com.stephanegirao.CatFun;
				PRODUCT_NAME = "$(TARGET_NAME)";
				SWIFT_EMIT_LOC_STRINGS = YES;
				SWIFT_VERSION = 5.0;
				TARGETED_DEVICE_FAMILY = "1,2";
			};
			name = Release;
		};
		4B443DAE2A0A75C6005F4ECA /* Debug */ = {
			isa = XCBuildConfiguration;
			buildSettings = {
				ALWAYS_EMBED_SWIFT_STANDARD_LIBRARIES = YES;
				BUNDLE_LOADER = "$(TEST_HOST)";
				CODE_SIGN_STYLE = Automatic;
				CURRENT_PROJECT_VERSION = 1;
				DEVELOPMENT_TEAM = 826U5T47TW;
				GENERATE_INFOPLIST_FILE = YES;
				IPHONEOS_DEPLOYMENT_TARGET = 16.2;
				MARKETING_VERSION = 1.0;
				PRODUCT_BUNDLE_IDENTIFIER = br.com.stephanegirao.CatFunTests;
				PRODUCT_NAME = "$(TARGET_NAME)";
				SWIFT_EMIT_LOC_STRINGS = NO;
				SWIFT_VERSION = 5.0;
				TARGETED_DEVICE_FAMILY = "1,2";
				TEST_HOST = "$(BUILT_PRODUCTS_DIR)/CatFun.app/$(BUNDLE_EXECUTABLE_FOLDER_PATH)/CatFun";
			};
			name = Debug;
		};
		4B443DAF2A0A75C6005F4ECA /* Release */ = {
			isa = XCBuildConfiguration;
			buildSettings = {
				ALWAYS_EMBED_SWIFT_STANDARD_LIBRARIES = YES;
				BUNDLE_LOADER = "$(TEST_HOST)";
				CODE_SIGN_STYLE = Automatic;
				CURRENT_PROJECT_VERSION = 1;
				DEVELOPMENT_TEAM = 826U5T47TW;
				GENERATE_INFOPLIST_FILE = YES;
				IPHONEOS_DEPLOYMENT_TARGET = 16.2;
				MARKETING_VERSION = 1.0;
				PRODUCT_BUNDLE_IDENTIFIER = br.com.stephanegirao.CatFunTests;
				PRODUCT_NAME = "$(TARGET_NAME)";
				SWIFT_EMIT_LOC_STRINGS = NO;
				SWIFT_VERSION = 5.0;
				TARGETED_DEVICE_FAMILY = "1,2";
				TEST_HOST = "$(BUILT_PRODUCTS_DIR)/CatFun.app/$(BUNDLE_EXECUTABLE_FOLDER_PATH)/CatFun";
			};
			name = Release;
		};
		4B443DB12A0A75C6005F4ECA /* Debug */ = {
			isa = XCBuildConfiguration;
			buildSettings = {
				ALWAYS_EMBED_SWIFT_STANDARD_LIBRARIES = YES;
				CODE_SIGN_STYLE = Automatic;
				CURRENT_PROJECT_VERSION = 1;
				DEVELOPMENT_TEAM = 826U5T47TW;
				GENERATE_INFOPLIST_FILE = YES;
				MARKETING_VERSION = 1.0;
				PRODUCT_BUNDLE_IDENTIFIER = br.com.stephanegirao.CatFunUITests;
				PRODUCT_NAME = "$(TARGET_NAME)";
				SWIFT_EMIT_LOC_STRINGS = NO;
				SWIFT_VERSION = 5.0;
				TARGETED_DEVICE_FAMILY = "1,2";
				TEST_TARGET_NAME = CatFun;
			};
			name = Debug;
		};
		4B443DB22A0A75C6005F4ECA /* Release */ = {
			isa = XCBuildConfiguration;
			buildSettings = {
				ALWAYS_EMBED_SWIFT_STANDARD_LIBRARIES = YES;
				CODE_SIGN_STYLE = Automatic;
				CURRENT_PROJECT_VERSION = 1;
				DEVELOPMENT_TEAM = 826U5T47TW;
				GENERATE_INFOPLIST_FILE = YES;
				MARKETING_VERSION = 1.0;
				PRODUCT_BUNDLE_IDENTIFIER = br.com.stephanegirao.CatFunUITests;
				PRODUCT_NAME = "$(TARGET_NAME)";
				SWIFT_EMIT_LOC_STRINGS = NO;
				SWIFT_VERSION = 5.0;
				TARGETED_DEVICE_FAMILY = "1,2";
				TEST_TARGET_NAME = CatFun;
			};
			name = Release;
		};
/* End XCBuildConfiguration section */

/* Begin XCConfigurationList section */
		4B443D812A0A75C5005F4ECA /* Build configuration list for PBXProject "CatFun" */ = {
			isa = XCConfigurationList;
			buildConfigurations = (
				4B443DA82A0A75C6005F4ECA /* Debug */,
				4B443DA92A0A75C6005F4ECA /* Release */,
			);
			defaultConfigurationIsVisible = 0;
			defaultConfigurationName = Release;
		};
		4B443DAA2A0A75C6005F4ECA /* Build configuration list for PBXNativeTarget "CatFun" */ = {
			isa = XCConfigurationList;
			buildConfigurations = (
				4B443DAB2A0A75C6005F4ECA /* Debug */,
				4B443DAC2A0A75C6005F4ECA /* Release */,
			);
			defaultConfigurationIsVisible = 0;
			defaultConfigurationName = Release;
		};
		4B443DAD2A0A75C6005F4ECA /* Build configuration list for PBXNativeTarget "CatFunTests" */ = {
			isa = XCConfigurationList;
			buildConfigurations = (
				4B443DAE2A0A75C6005F4ECA /* Debug */,
				4B443DAF2A0A75C6005F4ECA /* Release */,
			);
			defaultConfigurationIsVisible = 0;
			defaultConfigurationName = Release;
		};
		4B443DB02A0A75C6005F4ECA /* Build configuration list for PBXNativeTarget "CatFunUITests" */ = {
			isa = XCConfigurationList;
			buildConfigurations = (
				4B443DB12A0A75C6005F4ECA /* Debug */,
				4B443DB22A0A75C6005F4ECA /* Release */,
			);
			defaultConfigurationIsVisible = 0;
			defaultConfigurationName = Release;
		};
/* End XCConfigurationList section */
	};
	rootObject = 4B443D7E2A0A75C5005F4ECA /* Project object */;
}
